{
  "version": 1,
  "dependencies": {
    ".NETStandard,Version=v2.1": {
      "BepInEx.Analyzers": {
        "type": "Direct",
        "requested": "[1.0.8, )",
        "resolved": "1.0.8",
        "contentHash": "xrfNmunsPhBx+vStTxLonq/aHkRrDH77c9tG/x3m5eejrKe5B0nf7cJPRRt6x330sGI0bLaPTtygdeHUgvI3wQ=="
      },
      "BepInEx.Core": {
        "type": "Direct",
        "requested": "[5.4.21, )",
        "resolved": "5.4.21",
        "contentHash": "NMUPlbHTTfJ+qIQCI90uIvjuUQ4wnwt4cpRsK3ItBh1DhsWFzAHXNiZjBxZkPysljEKQ2iu89sxMTga4bxBXVQ==",
        "dependencies": {
          "BepInEx.BaseLib": "5.4.20",
          "HarmonyX": "2.7.0"
        }
      },
      "Hamunii.BepInEx.AutoPlugin": {
        "type": "Direct",
        "requested": "[2.1.0, )",
        "resolved": "2.1.0",
        "contentHash": "EuH0DoeBkpEiLYwCVZrlrQiNoqYi7U42+MCGpVim22erghvYYjPosEQTCHMsmyyBjLO/0NuLCu4I9aO/EkjVRQ=="
      },
      "Harmonize": {
        "type": "Direct",
        "requested": "[1.0.3, )",
        "resolved": "1.0.3",
        "contentHash": "jkcOJdYmQrFAwIanmaRiRhYdJnsjtczrzOdwcUU67mbx23e/cHZRErryfdWvASGjXQtDYfjEWNfxHml4DtkDVA=="
      },
      "HarmonyX": {
        "type": "Direct",
        "requested": "[2.9.0, )",
        "resolved": "2.9.0",
        "contentHash": "vB03a0lJJefzSnPP8VJSzyTtgSx81dnxU2olfirHTBnbXY8Uc2BMoxCODPK1nzg4C53lQR0NOi+bp9170sYVFA==",
        "dependencies": {
          "MonoMod.RuntimeDetour": "22.1.29.1"
        }
      },
      "Microsoft.Unity.Analyzers": {
        "type": "Direct",
        "requested": "[1.25.0, )",
        "resolved": "1.25.0",
        "contentHash": "jOclVb2PVoOdKafuzt3bJ3BHkbjsfuAx+60yqP4zCAhlNa1rwn1Jt05qrmqJgmBY42S08hXbps9KA6QR2Z7aOA=="
      },
      "PolySharp": {
        "type": "Direct",
        "requested": "[1.15.0, )",
        "resolved": "1.15.0",
        "contentHash": "FbU0El+EEjdpuIX4iDbeS7ki1uzpJPx8vbqOzEtqnl1GZeAGJfq+jCbxeJL2y0EPnUNk8dRnnqR2xnYXg9Tf+g=="
      },
      "Silksong.GameLibs": {
        "type": "Direct",
        "requested": "[*-*, )",
        "resolved": "1.2.0-silksong1.0.29315",
        "contentHash": "MwcUC0FMUn7aCwYHWgQegOBxNGgNBDie9nfg0GeodqbnfrHOjUZ06sZjq+0Iiz9/WBL8yd511YZujFS91FgVMw=="
      },
      "UnityEngine.Modules": {
        "type": "Direct",
        "requested": "[6000.0.50, )",
        "resolved": "6000.0.50",
        "contentHash": "hEFz1r4NGzeYXPY2yPh+/btcnwVB6EnEeRjDMCVNi19PD7VvRMvJeu46x1dNH9jYkT0B/ZXuyMBYiuI7YlRnKw=="
      },
      "BepInEx.BaseLib": {
        "type": "Transitive",
        "resolved": "5.4.20",
        "contentHash": "0bXgYxbCEN2Ixp3kiFEhyw+RASeFQeg/ww+lbMt7if6XMeVS60eg6epNsMA8Jbx57dmNOzNevkKKw8mP8SUMqw=="
      },
      "Mono.Cecil": {
        "type": "Transitive",
        "resolved": "0.11.4",
        "contentHash": "IC1h5g0NeJGHIUgzM1P82ld57knhP0IcQfrYITDPXlNpMYGUrsG5TxuaWTjaeqDNQMBDNZkB8L0rBnwsY6JHuQ=="
      },
      "MonoMod.RuntimeDetour": {
        "type": "Transitive",
        "resolved": "22.1.29.1",
        "contentHash": "CksRFEGCPs8VGKe6pc3zsOPd2Jik+FMlmx5HDxWVTxz9JlAmWDk1+0PCwAVw4iGDuDZmIUjZDjhSACasyw9y/Q==",
        "dependencies": {
          "Mono.Cecil": "0.11.4",
          "MonoMod.Utils": "22.1.29.1",
          "System.Reflection.TypeExtensions": "4.7.0"
        }
      },
      "MonoMod.Utils": {
        "type": "Transitive",
        "resolved": "22.1.29.1",
        "contentHash": "qKyM/JXIA3hr2BpE5LTtYfZvIFlcLB62pkORARRv0bXKSk1n23Nl3oAdYymQMjNfrhn/jCPZRqKDFftrYa1K2Q==",
        "dependencies": {
          "Mono.Cecil": "0.11.4",
          "System.Reflection.TypeExtensions": "4.7.0"
        }
      },
      "System.Reflection.TypeExtensions": {
        "type": "Transitive",
        "resolved": "4.7.0",
        "contentHash": "VybpaOQQhqE6siHppMktjfGBw1GCwvCqiufqmP8F1nj7fTUNtW35LOEt3UZTEsECfo+ELAl/9o9nJx3U91i7vA=="
      }
    }
  }
}